// !$*UTF8*$!
{
	archiveVersion = 1;
	classes = {
	};
	objectVersion = 50;
	objects = {

/* Begin PBXBuildFile section */
		23E91C372283489A00ACC6CC /* SignUpViewController.swift in Sources */ = {isa = PBXBuildFile; fileRef = 23E91C362283489A00ACC6CC /* SignUpViewController.swift */; };
		23E91C39228348DF00ACC6CC /* SignInMenuViewController.swift in Sources */ = {isa = PBXBuildFile; fileRef = 23E91C38228348DF00ACC6CC /* SignInMenuViewController.swift */; };
		23E91C3B2283496800ACC6CC /* SignInViewController.swift in Sources */ = {isa = PBXBuildFile; fileRef = 23E91C3A2283496800ACC6CC /* SignInViewController.swift */; };
		23E91C422284867600ACC6CC /* AlertBox.swift in Sources */ = {isa = PBXBuildFile; fileRef = 23E91C412284867600ACC6CC /* AlertBox.swift */; };
		23E91C4C22858FFB00ACC6CC /* DiscoverViewController.swift in Sources */ = {isa = PBXBuildFile; fileRef = 23E91C4B22858FFB00ACC6CC /* DiscoverViewController.swift */; };
		23E91C50228590F700ACC6CC /* Movie.swift in Sources */ = {isa = PBXBuildFile; fileRef = 23E91C4F228590F700ACC6CC /* Movie.swift */; };
		23F25BA722941E310090BC05 /* RoundedButton.swift in Sources */ = {isa = PBXBuildFile; fileRef = 23F25BA622941E310090BC05 /* RoundedButton.swift */; };
		23F25BAB2294409C0090BC05 /* CustomTabBarController.swift in Sources */ = {isa = PBXBuildFile; fileRef = 23F25BAA2294409C0090BC05 /* CustomTabBarController.swift */; };
		23F25BAE22944C8B0090BC05 /* AboutViewController.swift in Sources */ = {isa = PBXBuildFile; fileRef = 23F25BAD22944C8B0090BC05 /* AboutViewController.swift */; };
		23F25BB02294546E0090BC05 /* entertainment.swift in Sources */ = {isa = PBXBuildFile; fileRef = 23F25BAF2294546E0090BC05 /* entertainment.swift */; };
		23F25BB2229494330090BC05 /* RecommendationsCollectionViewController.swift in Sources */ = {isa = PBXBuildFile; fileRef = 23F25BB1229494330090BC05 /* RecommendationsCollectionViewController.swift */; };
		23F25BB42294A3E90090BC05 /* SlidingViewController.swift in Sources */ = {isa = PBXBuildFile; fileRef = 23F25BB32294A3E90090BC05 /* SlidingViewController.swift */; };
		23F2A89A22832F7C0001FB80 /* AppDelegate.swift in Sources */ = {isa = PBXBuildFile; fileRef = 23F2A89922832F7C0001FB80 /* AppDelegate.swift */; };
		23F2A8A122832F7D0001FB80 /* Assets.xcassets in Resources */ = {isa = PBXBuildFile; fileRef = 23F2A8A022832F7D0001FB80 /* Assets.xcassets */; };
		23F2A8AC228330430001FB80 /* GoogleService-Info.plist in Resources */ = {isa = PBXBuildFile; fileRef = 23F2A8AB228330430001FB80 /* GoogleService-Info.plist */; };
		23F2A8B22283395E0001FB80 /* SignIn.storyboard in Resources */ = {isa = PBXBuildFile; fileRef = 23F2A8B12283395E0001FB80 /* SignIn.storyboard */; };
		23F2C1B1228ACF4900049505 /* MyListCollectionViewController.swift in Sources */ = {isa = PBXBuildFile; fileRef = 23F2C1B0228ACF4900049505 /* MyListCollectionViewController.swift */; };
		23F2C1B5228AD9A500049505 /* MovieCell.swift in Sources */ = {isa = PBXBuildFile; fileRef = 23F2C1B4228AD9A500049505 /* MovieCell.swift */; };
		23F2C1B9228AE9D500049505 /* DetailsViewController.swift in Sources */ = {isa = PBXBuildFile; fileRef = 23F2C1B8228AE9D500049505 /* DetailsViewController.swift */; };
		23F2C1BB228AF0F400049505 /* DownloadImageService.swift in Sources */ = {isa = PBXBuildFile; fileRef = 23F2C1BA228AF0F400049505 /* DownloadImageService.swift */; };
		23F2C1CB228DAAB000049505 /* MovieRepository.swift in Sources */ = {isa = PBXBuildFile; fileRef = 23F2C1CA228DAAB000049505 /* MovieRepository.swift */; };
		23F2C1CD228DB3F200049505 /* Constants.swift in Sources */ = {isa = PBXBuildFile; fileRef = 23F2C1CC228DB3F200049505 /* Constants.swift */; };
		23F2C1CF228DC39600049505 /* LaunchScreen.storyboard in Resources */ = {isa = PBXBuildFile; fileRef = 23F2C1CE228DC39600049505 /* LaunchScreen.storyboard */; };
		23F2C1D1228DED0B00049505 /* TVRepository.swift in Sources */ = {isa = PBXBuildFile; fileRef = 23F2C1D0228DED0B00049505 /* TVRepository.swift */; };
		23F2C1D3228DEE8800049505 /* ParseJson.swift in Sources */ = {isa = PBXBuildFile; fileRef = 23F2C1D2228DEE8800049505 /* ParseJson.swift */; };
		23F2C1D5228DEFF200049505 /* TV.swift in Sources */ = {isa = PBXBuildFile; fileRef = 23F2C1D4228DEFF200049505 /* TV.swift */; };
		23F2C1D7228DF11A00049505 /* DataTask.swift in Sources */ = {isa = PBXBuildFile; fileRef = 23F2C1D6228DF11A00049505 /* DataTask.swift */; };
		23F2C1E1228EB01800049505 /* Discover.storyboard in Resources */ = {isa = PBXBuildFile; fileRef = 23F2C1E0228EB01800049505 /* Discover.storyboard */; };
		23F2C1E3228EB17100049505 /* MyList.storyboard in Resources */ = {isa = PBXBuildFile; fileRef = 23F2C1E2228EB17100049505 /* MyList.storyboard */; };
		23F2C1E5228EB46000049505 /* Details.storyboard in Resources */ = {isa = PBXBuildFile; fileRef = 23F2C1E4228EB46000049505 /* Details.storyboard */; };
		23F2C1E7228EB4E000049505 /* Movies.storyboard in Resources */ = {isa = PBXBuildFile; fileRef = 23F2C1E6228EB4E000049505 /* Movies.storyboard */; };
		B7E31FAA33B55031856BFBBA /* Pods_MyMoviesIOSEksamen.framework in Frameworks */ = {isa = PBXBuildFile; fileRef = 5697106F6E4FF22E29C7C03D /* Pods_MyMoviesIOSEksamen.framework */; };
/* End PBXBuildFile section */

/* Begin PBXFileReference section */
		1C2ED6E83C8875BDAC52816E /* Pods-MyMoviesIOSEksamen.release.xcconfig */ = {isa = PBXFileReference; includeInIndex = 1; lastKnownFileType = text.xcconfig; name = "Pods-MyMoviesIOSEksamen.release.xcconfig"; path = "Target Support Files/Pods-MyMoviesIOSEksamen/Pods-MyMoviesIOSEksamen.release.xcconfig"; sourceTree = "<group>"; };
		23E91C362283489A00ACC6CC /* SignUpViewController.swift */ = {isa = PBXFileReference; lastKnownFileType = sourcecode.swift; path = SignUpViewController.swift; sourceTree = "<group>"; };
		23E91C38228348DF00ACC6CC /* SignInMenuViewController.swift */ = {isa = PBXFileReference; lastKnownFileType = sourcecode.swift; path = SignInMenuViewController.swift; sourceTree = "<group>"; };
		23E91C3A2283496800ACC6CC /* SignInViewController.swift */ = {isa = PBXFileReference; lastKnownFileType = sourcecode.swift; path = SignInViewController.swift; sourceTree = "<group>"; };
		23E91C412284867600ACC6CC /* AlertBox.swift */ = {isa = PBXFileReference; lastKnownFileType = sourcecode.swift; path = AlertBox.swift; sourceTree = "<group>"; };
		23E91C4B22858FFB00ACC6CC /* DiscoverViewController.swift */ = {isa = PBXFileReference; lastKnownFileType = sourcecode.swift; path = DiscoverViewController.swift; sourceTree = "<group>"; };
		23E91C4F228590F700ACC6CC /* Movie.swift */ = {isa = PBXFileReference; lastKnownFileType = sourcecode.swift; path = Movie.swift; sourceTree = "<group>"; };
		23F25BA622941E310090BC05 /* RoundedButton.swift */ = {isa = PBXFileReference; lastKnownFileType = sourcecode.swift; path = RoundedButton.swift; sourceTree = "<group>"; };
		23F25BAA2294409C0090BC05 /* CustomTabBarController.swift */ = {isa = PBXFileReference; lastKnownFileType = sourcecode.swift; path = CustomTabBarController.swift; sourceTree = "<group>"; };
		23F25BAD22944C8B0090BC05 /* AboutViewController.swift */ = {isa = PBXFileReference; lastKnownFileType = sourcecode.swift; path = AboutViewController.swift; sourceTree = "<group>"; };
		23F25BAF2294546E0090BC05 /* entertainment.swift */ = {isa = PBXFileReference; lastKnownFileType = sourcecode.swift; path = entertainment.swift; sourceTree = "<group>"; };
		23F25BB1229494330090BC05 /* RecommendationsCollectionViewController.swift */ = {isa = PBXFileReference; lastKnownFileType = sourcecode.swift; path = RecommendationsCollectionViewController.swift; sourceTree = "<group>"; };
		23F25BB32294A3E90090BC05 /* SlidingViewController.swift */ = {isa = PBXFileReference; fileEncoding = 4; lastKnownFileType = sourcecode.swift; path = SlidingViewController.swift; sourceTree = "<group>"; };
		23F2A89622832F7C0001FB80 /* MyMoviesIOSEksamen.app */ = {isa = PBXFileReference; explicitFileType = wrapper.application; includeInIndex = 0; path = MyMoviesIOSEksamen.app; sourceTree = BUILT_PRODUCTS_DIR; };
		23F2A89922832F7C0001FB80 /* AppDelegate.swift */ = {isa = PBXFileReference; lastKnownFileType = sourcecode.swift; path = AppDelegate.swift; sourceTree = "<group>"; };
		23F2A8A022832F7D0001FB80 /* Assets.xcassets */ = {isa = PBXFileReference; lastKnownFileType = folder.assetcatalog; path = Assets.xcassets; sourceTree = "<group>"; };
		23F2A8A522832F7D0001FB80 /* Info.plist */ = {isa = PBXFileReference; lastKnownFileType = text.plist.xml; path = Info.plist; sourceTree = "<group>"; };
		23F2A8AB228330430001FB80 /* GoogleService-Info.plist */ = {isa = PBXFileReference; fileEncoding = 4; lastKnownFileType = text.plist; path = "GoogleService-Info.plist"; sourceTree = "<group>"; };
		23F2A8B12283395E0001FB80 /* SignIn.storyboard */ = {isa = PBXFileReference; lastKnownFileType = file.storyboard; name = SignIn.storyboard; path = MyMoviesIOSEksamen/View/SignIn/SignIn.storyboard; sourceTree = SOURCE_ROOT; };
		23F2C1B0228ACF4900049505 /* MyListCollectionViewController.swift */ = {isa = PBXFileReference; lastKnownFileType = sourcecode.swift; path = MyListCollectionViewController.swift; sourceTree = "<group>"; };
		23F2C1B4228AD9A500049505 /* MovieCell.swift */ = {isa = PBXFileReference; lastKnownFileType = sourcecode.swift; path = MovieCell.swift; sourceTree = "<group>"; };
		23F2C1B8228AE9D500049505 /* DetailsViewController.swift */ = {isa = PBXFileReference; lastKnownFileType = sourcecode.swift; path = DetailsViewController.swift; sourceTree = "<group>"; };
		23F2C1BA228AF0F400049505 /* DownloadImageService.swift */ = {isa = PBXFileReference; lastKnownFileType = sourcecode.swift; path = DownloadImageService.swift; sourceTree = "<group>"; };
		23F2C1CA228DAAB000049505 /* MovieRepository.swift */ = {isa = PBXFileReference; lastKnownFileType = sourcecode.swift; path = MovieRepository.swift; sourceTree = "<group>"; };
		23F2C1CC228DB3F200049505 /* Constants.swift */ = {isa = PBXFileReference; lastKnownFileType = sourcecode.swift; path = Constants.swift; sourceTree = "<group>"; };
		23F2C1CE228DC39600049505 /* LaunchScreen.storyboard */ = {isa = PBXFileReference; lastKnownFileType = file.storyboard; name = LaunchScreen.storyboard; path = MyMoviesIOSEksamen/View/Launch/LaunchScreen.storyboard; sourceTree = SOURCE_ROOT; };
		23F2C1D0228DED0B00049505 /* TVRepository.swift */ = {isa = PBXFileReference; lastKnownFileType = sourcecode.swift; path = TVRepository.swift; sourceTree = "<group>"; };
		23F2C1D2228DEE8800049505 /* ParseJson.swift */ = {isa = PBXFileReference; lastKnownFileType = sourcecode.swift; path = ParseJson.swift; sourceTree = "<group>"; };
		23F2C1D4228DEFF200049505 /* TV.swift */ = {isa = PBXFileReference; lastKnownFileType = sourcecode.swift; path = TV.swift; sourceTree = "<group>"; };
		23F2C1D6228DF11A00049505 /* DataTask.swift */ = {isa = PBXFileReference; lastKnownFileType = sourcecode.swift; path = DataTask.swift; sourceTree = "<group>"; };
		23F2C1E0228EB01800049505 /* Discover.storyboard */ = {isa = PBXFileReference; lastKnownFileType = file.storyboard; path = Discover.storyboard; sourceTree = "<group>"; };
		23F2C1E2228EB17100049505 /* MyList.storyboard */ = {isa = PBXFileReference; lastKnownFileType = file.storyboard; path = MyList.storyboard; sourceTree = "<group>"; };
		23F2C1E4228EB46000049505 /* Details.storyboard */ = {isa = PBXFileReference; lastKnownFileType = file.storyboard; path = Details.storyboard; sourceTree = "<group>"; };
		23F2C1E6228EB4E000049505 /* Movies.storyboard */ = {isa = PBXFileReference; fileEncoding = 4; lastKnownFileType = file.storyboard; path = Movies.storyboard; sourceTree = "<group>"; };
		5697106F6E4FF22E29C7C03D /* Pods_MyMoviesIOSEksamen.framework */ = {isa = PBXFileReference; explicitFileType = wrapper.framework; includeInIndex = 0; path = Pods_MyMoviesIOSEksamen.framework; sourceTree = BUILT_PRODUCTS_DIR; };
		A98379E2D235EAF126A15301 /* Pods-MyMoviesIOSEksamen.debug.xcconfig */ = {isa = PBXFileReference; includeInIndex = 1; lastKnownFileType = text.xcconfig; name = "Pods-MyMoviesIOSEksamen.debug.xcconfig"; path = "Target Support Files/Pods-MyMoviesIOSEksamen/Pods-MyMoviesIOSEksamen.debug.xcconfig"; sourceTree = "<group>"; };
/* End PBXFileReference section */

/* Begin PBXFrameworksBuildPhase section */
		23F2A89322832F7C0001FB80 /* Frameworks */ = {
			isa = PBXFrameworksBuildPhase;
			buildActionMask = 2147483647;
			files = (
				B7E31FAA33B55031856BFBBA /* Pods_MyMoviesIOSEksamen.framework in Frameworks */,
			);
			runOnlyForDeploymentPostprocessing = 0;
		};
/* End PBXFrameworksBuildPhase section */

/* Begin PBXGroup section */
		23E91C332283483B00ACC6CC /* SignIn */ = {
			isa = PBXGroup;
			children = (
				23E91C38228348DF00ACC6CC /* SignInMenuViewController.swift */,
				23E91C3A2283496800ACC6CC /* SignInViewController.swift */,
				23E91C362283489A00ACC6CC /* SignUpViewController.swift */,
			);
			path = SignIn;
			sourceTree = "<group>";
		};
		23E91C3C228349E300ACC6CC /* Service */ = {
			isa = PBXGroup;
			children = (
				23F2C1BA228AF0F400049505 /* DownloadImageService.swift */,
			);
			path = Service;
			sourceTree = "<group>";
		};
		23F25BA522941E050090BC05 /* Layout */ = {
			isa = PBXGroup;
			children = (
				23F25BA622941E310090BC05 /* RoundedButton.swift */,
			);
			path = Layout;
			sourceTree = "<group>";
		};
		23F25BAC2294461E0090BC05 /* Details */ = {
			isa = PBXGroup;
			children = (
				23F2C1B8228AE9D500049505 /* DetailsViewController.swift */,
				23F25BAA2294409C0090BC05 /* CustomTabBarController.swift */,
				23F25BAD22944C8B0090BC05 /* AboutViewController.swift */,
				23F25BB1229494330090BC05 /* RecommendationsCollectionViewController.swift */,
			);
			path = Details;
			sourceTree = "<group>";
		};
		23F25BB52294A42D0090BC05 /* Discover */ = {
			isa = PBXGroup;
			children = (
				23F25BB32294A3E90090BC05 /* SlidingViewController.swift */,
				23E91C4B22858FFB00ACC6CC /* DiscoverViewController.swift */,
			);
			path = Discover;
			sourceTree = "<group>";
		};
		23F2A88D22832F7C0001FB80 = {
			isa = PBXGroup;
			children = (
				23F2A89822832F7C0001FB80 /* MyMoviesIOSEksamen */,
				23F2A89722832F7C0001FB80 /* Products */,
				25C2F20DBC79E52D92DFB420 /* Pods */,
				A95D646816586657A7C35B1C /* Frameworks */,
			);
			sourceTree = "<group>";
		};
		23F2A89722832F7C0001FB80 /* Products */ = {
			isa = PBXGroup;
			children = (
				23F2A89622832F7C0001FB80 /* MyMoviesIOSEksamen.app */,
			);
			name = Products;
			sourceTree = "<group>";
		};
		23F2A89822832F7C0001FB80 /* MyMoviesIOSEksamen */ = {
			isa = PBXGroup;
			children = (
				23F25BA522941E050090BC05 /* Layout */,
				23F2A8AD228331D60001FB80 /* Controller */,
				23F2A8AE228331DF0001FB80 /* Model */,
				23E91C3C228349E300ACC6CC /* Service */,
				23F2C1C8228DA95B00049505 /* Repositories */,
				23F2A8AF228331E60001FB80 /* View */,
				23F2A8B0228331FD0001FB80 /* Configuration */,
				23F2C1C3228B33FE00049505 /* Utilities */,
				23F2A8AB228330430001FB80 /* GoogleService-Info.plist */,
				23F2A8A022832F7D0001FB80 /* Assets.xcassets */,
				23F2A8A522832F7D0001FB80 /* Info.plist */,
			);
			path = MyMoviesIOSEksamen;
			sourceTree = "<group>";
		};
		23F2A8AD228331D60001FB80 /* Controller */ = {
			isa = PBXGroup;
			children = (
				23F2C1AB228AC3F100049505 /* Movies */,
				23E91C332283483B00ACC6CC /* SignIn */,
			);
			path = Controller;
			sourceTree = "<group>";
		};
		23F2A8AE228331DF0001FB80 /* Model */ = {
			isa = PBXGroup;
			children = (
				23F25BAF2294546E0090BC05 /* entertainment.swift */,
				23E91C4F228590F700ACC6CC /* Movie.swift */,
				23F2C1D4228DEFF200049505 /* TV.swift */,
				23F2C1B4228AD9A500049505 /* MovieCell.swift */,
				23F2C1CC228DB3F200049505 /* Constants.swift */,
			);
			path = Model;
			sourceTree = "<group>";
		};
		23F2A8AF228331E60001FB80 /* View */ = {
			isa = PBXGroup;
			children = (
				23F2C1DB228EAE7E00049505 /* Movies */,
				23F2C1DA228EAE2D00049505 /* SignIn */,
				23F2C1DC228EAEBD00049505 /* Launch */,
			);
			path = View;
			sourceTree = "<group>";
		};
		23F2A8B0228331FD0001FB80 /* Configuration */ = {
			isa = PBXGroup;
			children = (
				23F2A89922832F7C0001FB80 /* AppDelegate.swift */,
			);
			path = Configuration;
			sourceTree = "<group>";
		};
		23F2C1AB228AC3F100049505 /* Movies */ = {
			isa = PBXGroup;
			children = (
				23F25BB52294A42D0090BC05 /* Discover */,
				23F25BAC2294461E0090BC05 /* Details */,
				23F2C1B0228ACF4900049505 /* MyListCollectionViewController.swift */,
			);
			path = Movies;
			sourceTree = "<group>";
		};
		23F2C1C3228B33FE00049505 /* Utilities */ = {
			isa = PBXGroup;
			children = (
				23E91C412284867600ACC6CC /* AlertBox.swift */,
				23F2C1D2228DEE8800049505 /* ParseJson.swift */,
			);
			path = Utilities;
			sourceTree = "<group>";
		};
		23F2C1C8228DA95B00049505 /* Repositories */ = {
			isa = PBXGroup;
			children = (
				23F2C1C9228DAA8400049505 /* DiscoverRepository */,
				23F2C1D6228DF11A00049505 /* DataTask.swift */,
			);
			path = Repositories;
			sourceTree = "<group>";
		};
		23F2C1C9228DAA8400049505 /* DiscoverRepository */ = {
			isa = PBXGroup;
			children = (
				23F2C1CA228DAAB000049505 /* MovieRepository.swift */,
				23F2C1D0228DED0B00049505 /* TVRepository.swift */,
			);
			path = DiscoverRepository;
			sourceTree = "<group>";
		};
		23F2C1DA228EAE2D00049505 /* SignIn */ = {
			isa = PBXGroup;
			children = (
				23F2A8B12283395E0001FB80 /* SignIn.storyboard */,
			);
			path = SignIn;
			sourceTree = "<group>";
		};
		23F2C1DB228EAE7E00049505 /* Movies */ = {
			isa = PBXGroup;
			children = (
				23F2C1E6228EB4E000049505 /* Movies.storyboard */,
				23F2C1E0228EB01800049505 /* Discover.storyboard */,
				23F2C1E2228EB17100049505 /* MyList.storyboard */,
				23F2C1E4228EB46000049505 /* Details.storyboard */,
			);
			path = Movies;
			sourceTree = "<group>";
		};
		23F2C1DC228EAEBD00049505 /* Launch */ = {
			isa = PBXGroup;
			children = (
				23F2C1CE228DC39600049505 /* LaunchScreen.storyboard */,
			);
			path = Launch;
			sourceTree = "<group>";
		};
		25C2F20DBC79E52D92DFB420 /* Pods */ = {
			isa = PBXGroup;
			children = (
				A98379E2D235EAF126A15301 /* Pods-MyMoviesIOSEksamen.debug.xcconfig */,
				1C2ED6E83C8875BDAC52816E /* Pods-MyMoviesIOSEksamen.release.xcconfig */,
			);
			path = Pods;
			sourceTree = "<group>";
		};
		A95D646816586657A7C35B1C /* Frameworks */ = {
			isa = PBXGroup;
			children = (
				5697106F6E4FF22E29C7C03D /* Pods_MyMoviesIOSEksamen.framework */,
			);
			name = Frameworks;
			sourceTree = "<group>";
		};
/* End PBXGroup section */

/* Begin PBXNativeTarget section */
		23F2A89522832F7C0001FB80 /* MyMoviesIOSEksamen */ = {
			isa = PBXNativeTarget;
			buildConfigurationList = 23F2A8A822832F7D0001FB80 /* Build configuration list for PBXNativeTarget "MyMoviesIOSEksamen" */;
			buildPhases = (
				E942686648A231F346BD6CFE /* [CP] Check Pods Manifest.lock */,
				23F2A89222832F7C0001FB80 /* Sources */,
				23F2A89322832F7C0001FB80 /* Frameworks */,
				23F2A89422832F7C0001FB80 /* Resources */,
				0FB5240AF5E32BA0BCD5098F /* [CP] Embed Pods Frameworks */,
			);
			buildRules = (
			);
			dependencies = (
			);
			name = MyMoviesIOSEksamen;
			productName = MyMoviesIOSEksamen;
			productReference = 23F2A89622832F7C0001FB80 /* MyMoviesIOSEksamen.app */;
			productType = "com.apple.product-type.application";
		};
/* End PBXNativeTarget section */

/* Begin PBXProject section */
		23F2A88E22832F7C0001FB80 /* Project object */ = {
			isa = PBXProject;
			attributes = {
				LastSwiftUpdateCheck = 1020;
				LastUpgradeCheck = 1020;
				ORGANIZATIONNAME = "Jakob Wulff";
				TargetAttributes = {
					23F2A89522832F7C0001FB80 = {
						CreatedOnToolsVersion = 10.2.1;
					};
				};
			};
			buildConfigurationList = 23F2A89122832F7C0001FB80 /* Build configuration list for PBXProject "MyMoviesIOSEksamen" */;
			compatibilityVersion = "Xcode 9.3";
			developmentRegion = en;
			hasScannedForEncodings = 0;
			knownRegions = (
				en,
				Base,
			);
			mainGroup = 23F2A88D22832F7C0001FB80;
			productRefGroup = 23F2A89722832F7C0001FB80 /* Products */;
			projectDirPath = "";
			projectRoot = "";
			targets = (
				23F2A89522832F7C0001FB80 /* MyMoviesIOSEksamen */,
			);
		};
/* End PBXProject section */

/* Begin PBXResourcesBuildPhase section */
		23F2A89422832F7C0001FB80 /* Resources */ = {
			isa = PBXResourcesBuildPhase;
			buildActionMask = 2147483647;
			files = (
				23F2A8B22283395E0001FB80 /* SignIn.storyboard in Resources */,
				23F2C1CF228DC39600049505 /* LaunchScreen.storyboard in Resources */,
				23F2C1E3228EB17100049505 /* MyList.storyboard in Resources */,
				23F2C1E7228EB4E000049505 /* Movies.storyboard in Resources */,
				23F2A8AC228330430001FB80 /* GoogleService-Info.plist in Resources */,
				23F2A8A122832F7D0001FB80 /* Assets.xcassets in Resources */,
				23F2C1E1228EB01800049505 /* Discover.storyboard in Resources */,
				23F2C1E5228EB46000049505 /* Details.storyboard in Resources */,
			);
			runOnlyForDeploymentPostprocessing = 0;
		};
/* End PBXResourcesBuildPhase section */

/* Begin PBXShellScriptBuildPhase section */
		0FB5240AF5E32BA0BCD5098F /* [CP] Embed Pods Frameworks */ = {
			isa = PBXShellScriptBuildPhase;
			buildActionMask = 2147483647;
			files = (
			);
			inputFileListPaths = (
			);
			inputPaths = (
				"${PODS_ROOT}/Target Support Files/Pods-MyMoviesIOSEksamen/Pods-MyMoviesIOSEksamen-frameworks.sh",
				"${BUILT_PRODUCTS_DIR}/Bolts/Bolts.framework",
				"${BUILT_PRODUCTS_DIR}/DrawerView/DrawerView.framework",
				"${BUILT_PRODUCTS_DIR}/FBSDKCoreKit/FBSDKCoreKit.framework",
				"${BUILT_PRODUCTS_DIR}/FBSDKLoginKit/FBSDKLoginKit.framework",
				"${BUILT_PRODUCTS_DIR}/GTMSessionFetcher/GTMSessionFetcher.framework",
				"${BUILT_PRODUCTS_DIR}/GoogleUtilities/GoogleUtilities.framework",
				"${BUILT_PRODUCTS_DIR}/NavigationDrawer/NavigationDrawer.framework",
				"${BUILT_PRODUCTS_DIR}/nanopb/nanopb.framework",
			);
			name = "[CP] Embed Pods Frameworks";
			outputFileListPaths = (
			);
			outputPaths = (
				"${TARGET_BUILD_DIR}/${FRAMEWORKS_FOLDER_PATH}/Bolts.framework",
				"${TARGET_BUILD_DIR}/${FRAMEWORKS_FOLDER_PATH}/DrawerView.framework",
				"${TARGET_BUILD_DIR}/${FRAMEWORKS_FOLDER_PATH}/FBSDKCoreKit.framework",
				"${TARGET_BUILD_DIR}/${FRAMEWORKS_FOLDER_PATH}/FBSDKLoginKit.framework",
				"${TARGET_BUILD_DIR}/${FRAMEWORKS_FOLDER_PATH}/GTMSessionFetcher.framework",
				"${TARGET_BUILD_DIR}/${FRAMEWORKS_FOLDER_PATH}/GoogleUtilities.framework",
				"${TARGET_BUILD_DIR}/${FRAMEWORKS_FOLDER_PATH}/NavigationDrawer.framework",
				"${TARGET_BUILD_DIR}/${FRAMEWORKS_FOLDER_PATH}/nanopb.framework",
			);
			runOnlyForDeploymentPostprocessing = 0;
			shellPath = /bin/sh;
			shellScript = "\"${PODS_ROOT}/Target Support Files/Pods-MyMoviesIOSEksamen/Pods-MyMoviesIOSEksamen-frameworks.sh\"\n";
			showEnvVarsInLog = 0;
		};
		E942686648A231F346BD6CFE /* [CP] Check Pods Manifest.lock */ = {
			isa = PBXShellScriptBuildPhase;
			buildActionMask = 2147483647;
			files = (
			);
			inputFileListPaths = (
			);
			inputPaths = (
				"${PODS_PODFILE_DIR_PATH}/Podfile.lock",
				"${PODS_ROOT}/Manifest.lock",
			);
			name = "[CP] Check Pods Manifest.lock";
			outputFileListPaths = (
			);
			outputPaths = (
				"$(DERIVED_FILE_DIR)/Pods-MyMoviesIOSEksamen-checkManifestLockResult.txt",
			);
			runOnlyForDeploymentPostprocessing = 0;
			shellPath = /bin/sh;
			shellScript = "diff \"${PODS_PODFILE_DIR_PATH}/Podfile.lock\" \"${PODS_ROOT}/Manifest.lock\" > /dev/null\nif [ $? != 0 ] ; then\n    # print error to STDERR\n    echo \"error: The sandbox is not in sync with the Podfile.lock. Run 'pod install' or update your CocoaPods installation.\" >&2\n    exit 1\nfi\n# This output is used by Xcode 'outputs' to avoid re-running this script phase.\necho \"SUCCESS\" > \"${SCRIPT_OUTPUT_FILE_0}\"\n";
			showEnvVarsInLog = 0;
		};
/* End PBXShellScriptBuildPhase section */

/* Begin PBXSourcesBuildPhase section */
		23F2A89222832F7C0001FB80 /* Sources */ = {
			isa = PBXSourcesBuildPhase;
			buildActionMask = 2147483647;
			files = (
				23F25BB42294A3E90090BC05 /* SlidingViewController.swift in Sources */,
				23F2C1D5228DEFF200049505 /* TV.swift in Sources */,
				23F25BB2229494330090BC05 /* RecommendationsCollectionViewController.swift in Sources */,
				23E91C422284867600ACC6CC /* AlertBox.swift in Sources */,
				23F25BAB2294409C0090BC05 /* CustomTabBarController.swift in Sources */,
				23F2C1CB228DAAB000049505 /* MovieRepository.swift in Sources */,
				23F25BA722941E310090BC05 /* RoundedButton.swift in Sources */,
				23E91C3B2283496800ACC6CC /* SignInViewController.swift in Sources */,
				23E91C50228590F700ACC6CC /* Movie.swift in Sources */,
				23F2C1CD228DB3F200049505 /* Constants.swift in Sources */,
				23F2C1B9228AE9D500049505 /* DetailsViewController.swift in Sources */,
				23E91C372283489A00ACC6CC /* SignUpViewController.swift in Sources */,
				23F2A89A22832F7C0001FB80 /* AppDelegate.swift in Sources */,
				23F2C1B1228ACF4900049505 /* MyListCollectionViewController.swift in Sources */,
				23E91C4C22858FFB00ACC6CC /* DiscoverViewController.swift in Sources */,
				23F2C1D7228DF11A00049505 /* DataTask.swift in Sources */,
				23F2C1BB228AF0F400049505 /* DownloadImageService.swift in Sources */,
				23F2C1B5228AD9A500049505 /* MovieCell.swift in Sources */,
				23F2C1D1228DED0B00049505 /* TVRepository.swift in Sources */,
				23E91C39228348DF00ACC6CC /* SignInMenuViewController.swift in Sources */,
				23F25BAE22944C8B0090BC05 /* AboutViewController.swift in Sources */,
				23F25BB02294546E0090BC05 /* entertainment.swift in Sources */,
				23F2C1D3228DEE8800049505 /* ParseJson.swift in Sources */,
			);
			runOnlyForDeploymentPostprocessing = 0;
		};
/* End PBXSourcesBuildPhase section */

/* Begin XCBuildConfiguration section */
		23F2A8A622832F7D0001FB80 /* Debug */ = {
			isa = XCBuildConfiguration;
			buildSettings = {
				ALWAYS_SEARCH_USER_PATHS = NO;
				CLANG_ANALYZER_NONNULL = YES;
				CLANG_ANALYZER_NUMBER_OBJECT_CONVERSION = YES_AGGRESSIVE;
				CLANG_CXX_LANGUAGE_STANDARD = "gnu++14";
				CLANG_CXX_LIBRARY = "libc++";
				CLANG_ENABLE_MODULES = YES;
				CLANG_ENABLE_OBJC_ARC = YES;
				CLANG_ENABLE_OBJC_WEAK = YES;
				CLANG_WARN_BLOCK_CAPTURE_AUTORELEASING = YES;
				CLANG_WARN_BOOL_CONVERSION = YES;
				CLANG_WARN_COMMA = YES;
				CLANG_WARN_CONSTANT_CONVERSION = YES;
				CLANG_WARN_DEPRECATED_OBJC_IMPLEMENTATIONS = YES;
				CLANG_WARN_DIRECT_OBJC_ISA_USAGE = YES_ERROR;
				CLANG_WARN_DOCUMENTATION_COMMENTS = YES;
				CLANG_WARN_EMPTY_BODY = YES;
				CLANG_WARN_ENUM_CONVERSION = YES;
				CLANG_WARN_INFINITE_RECURSION = YES;
				CLANG_WARN_INT_CONVERSION = YES;
				CLANG_WARN_NON_LITERAL_NULL_CONVERSION = YES;
				CLANG_WARN_OBJC_IMPLICIT_RETAIN_SELF = YES;
				CLANG_WARN_OBJC_LITERAL_CONVERSION = YES;
				CLANG_WARN_OBJC_ROOT_CLASS = YES_ERROR;
				CLANG_WARN_RANGE_LOOP_ANALYSIS = YES;
				CLANG_WARN_STRICT_PROTOTYPES = YES;
				CLANG_WARN_SUSPICIOUS_MOVE = YES;
				CLANG_WARN_UNGUARDED_AVAILABILITY = YES_AGGRESSIVE;
				CLANG_WARN_UNREACHABLE_CODE = YES;
				CLANG_WARN__DUPLICATE_METHOD_MATCH = YES;
				CODE_SIGN_IDENTITY = "iPhone Developer";
				COPY_PHASE_STRIP = NO;
				DEBUG_INFORMATION_FORMAT = dwarf;
				ENABLE_STRICT_OBJC_MSGSEND = YES;
				ENABLE_TESTABILITY = YES;
				GCC_C_LANGUAGE_STANDARD = gnu11;
				GCC_DYNAMIC_NO_PIC = NO;
				GCC_NO_COMMON_BLOCKS = YES;
				GCC_OPTIMIZATION_LEVEL = 0;
				GCC_PREPROCESSOR_DEFINITIONS = (
					"DEBUG=1",
					"$(inherited)",
				);
				GCC_WARN_64_TO_32_BIT_CONVERSION = YES;
				GCC_WARN_ABOUT_RETURN_TYPE = YES_ERROR;
				GCC_WARN_UNDECLARED_SELECTOR = YES;
				GCC_WARN_UNINITIALIZED_AUTOS = YES_AGGRESSIVE;
				GCC_WARN_UNUSED_FUNCTION = YES;
				GCC_WARN_UNUSED_VARIABLE = YES;
				IPHONEOS_DEPLOYMENT_TARGET = 12.2;
				MTL_ENABLE_DEBUG_INFO = INCLUDE_SOURCE;
				MTL_FAST_MATH = YES;
				ONLY_ACTIVE_ARCH = YES;
				SDKROOT = iphoneos;
				SWIFT_ACTIVE_COMPILATION_CONDITIONS = DEBUG;
				SWIFT_OPTIMIZATION_LEVEL = "-Onone";
			};
			name = Debug;
		};
		23F2A8A722832F7D0001FB80 /* Release */ = {
			isa = XCBuildConfiguration;
			buildSettings = {
				ALWAYS_SEARCH_USER_PATHS = NO;
				CLANG_ANALYZER_NONNULL = YES;
				CLANG_ANALYZER_NUMBER_OBJECT_CONVERSION = YES_AGGRESSIVE;
				CLANG_CXX_LANGUAGE_STANDARD = "gnu++14";
				CLANG_CXX_LIBRARY = "libc++";
				CLANG_ENABLE_MODULES = YES;
				CLANG_ENABLE_OBJC_ARC = YES;
				CLANG_ENABLE_OBJC_WEAK = YES;
				CLANG_WARN_BLOCK_CAPTURE_AUTORELEASING = YES;
				CLANG_WARN_BOOL_CONVERSION = YES;
				CLANG_WARN_COMMA = YES;
				CLANG_WARN_CONSTANT_CONVERSION = YES;
				CLANG_WARN_DEPRECATED_OBJC_IMPLEMENTATIONS = YES;
				CLANG_WARN_DIRECT_OBJC_ISA_USAGE = YES_ERROR;
				CLANG_WARN_DOCUMENTATION_COMMENTS = YES;
				CLANG_WARN_EMPTY_BODY = YES;
				CLANG_WARN_ENUM_CONVERSION = YES;
				CLANG_WARN_INFINITE_RECURSION = YES;
				CLANG_WARN_INT_CONVERSION = YES;
				CLANG_WARN_NON_LITERAL_NULL_CONVERSION = YES;
				CLANG_WARN_OBJC_IMPLICIT_RETAIN_SELF = YES;
				CLANG_WARN_OBJC_LITERAL_CONVERSION = YES;
				CLANG_WARN_OBJC_ROOT_CLASS = YES_ERROR;
				CLANG_WARN_RANGE_LOOP_ANALYSIS = YES;
				CLANG_WARN_STRICT_PROTOTYPES = YES;
				CLANG_WARN_SUSPICIOUS_MOVE = YES;
				CLANG_WARN_UNGUARDED_AVAILABILITY = YES_AGGRESSIVE;
				CLANG_WARN_UNREACHABLE_CODE = YES;
				CLANG_WARN__DUPLICATE_METHOD_MATCH = YES;
				CODE_SIGN_IDENTITY = "iPhone Developer";
				COPY_PHASE_STRIP = NO;
				DEBUG_INFORMATION_FORMAT = "dwarf-with-dsym";
				ENABLE_NS_ASSERTIONS = NO;
				ENABLE_STRICT_OBJC_MSGSEND = YES;
				GCC_C_LANGUAGE_STANDARD = gnu11;
				GCC_NO_COMMON_BLOCKS = YES;
				GCC_WARN_64_TO_32_BIT_CONVERSION = YES;
				GCC_WARN_ABOUT_RETURN_TYPE = YES_ERROR;
				GCC_WARN_UNDECLARED_SELECTOR = YES;
				GCC_WARN_UNINITIALIZED_AUTOS = YES_AGGRESSIVE;
				GCC_WARN_UNUSED_FUNCTION = YES;
				GCC_WARN_UNUSED_VARIABLE = YES;
				IPHONEOS_DEPLOYMENT_TARGET = 12.2;
				MTL_ENABLE_DEBUG_INFO = NO;
				MTL_FAST_MATH = YES;
				SDKROOT = iphoneos;
				SWIFT_COMPILATION_MODE = wholemodule;
				SWIFT_OPTIMIZATION_LEVEL = "-O";
				VALIDATE_PRODUCT = YES;
			};
			name = Release;
		};
		23F2A8A922832F7D0001FB80 /* Debug */ = {
			isa = XCBuildConfiguration;
			baseConfigurationReference = A98379E2D235EAF126A15301 /* Pods-MyMoviesIOSEksamen.debug.xcconfig */;
			buildSettings = {
				ASSETCATALOG_COMPILER_APPICON_NAME = AppIcon;
				CODE_SIGN_STYLE = Automatic;
				DEVELOPMENT_TEAM = 774Y5MC25M;
				INFOPLIST_FILE = MyMoviesIOSEksamen/Info.plist;
				LD_RUNPATH_SEARCH_PATHS = (
					"$(inherited)",
					"@executable_path/Frameworks",
				);
				PRODUCT_BUNDLE_IDENTIFIER = com.ios.wulff.MyMoviesIOSEksamen;
				PRODUCT_NAME = "$(TARGET_NAME)";
				SWIFT_VERSION = 5.0;
				TARGETED_DEVICE_FAMILY = "1,2";
			};
			name = Debug;
		};
		23F2A8AA22832F7D0001FB80 /* Release */ = {
			isa = XCBuildConfiguration;
			baseConfigurationReference = 1C2ED6E83C8875BDAC52816E /* Pods-MyMoviesIOSEksamen.release.xcconfig */;
			buildSettings = {
				ASSETCATALOG_COMPILER_APPICON_NAME = AppIcon;
				CODE_SIGN_STYLE = Automatic;
				DEVELOPMENT_TEAM = 774Y5MC25M;
				INFOPLIST_FILE = MyMoviesIOSEksamen/Info.plist;
				LD_RUNPATH_SEARCH_PATHS = (
					"$(inherited)",
					"@executable_path/Frameworks",
				);
				PRODUCT_BUNDLE_IDENTIFIER = com.ios.wulff.MyMoviesIOSEksamen;
				PRODUCT_NAME = "$(TARGET_NAME)";
				SWIFT_VERSION = 5.0;
				TARGETED_DEVICE_FAMILY = "1,2";
			};
			name = Release;
		};
/* End XCBuildConfiguration section */

/* Begin XCConfigurationList section */
		23F2A89122832F7C0001FB80 /* Build configuration list for PBXProject "MyMoviesIOSEksamen" */ = {
			isa = XCConfigurationList;
			buildConfigurations = (
				23F2A8A622832F7D0001FB80 /* Debug */,
				23F2A8A722832F7D0001FB80 /* Release */,
			);
			defaultConfigurationIsVisible = 0;
			defaultConfigurationName = Release;
		};
		23F2A8A822832F7D0001FB80 /* Build configuration list for PBXNativeTarget "MyMoviesIOSEksamen" */ = {
			isa = XCConfigurationList;
			buildConfigurations = (
				23F2A8A922832F7D0001FB80 /* Debug */,
				23F2A8AA22832F7D0001FB80 /* Release */,
			);
			defaultConfigurationIsVisible = 0;
			defaultConfigurationName = Release;
		};
/* End XCConfigurationList section */
	};
	rootObject = 23F2A88E22832F7C0001FB80 /* Project object */;
}
